
Microsoft Visual Studio Solution File, Format Version 12.00
# Visual Studio Version 17
VisualStudioVersion = 17.5.33502.453
MinimumVisualStudioVersion = 10.0.40219.1
Project("{FAE04EC0-301F-11D3-BF4B-00C04F79EFBC}") = "Proiect info gym", "Proiect info gym\Proiect info gym.csproj", "{3250E2E6-EEF9-46F4-AE6A-A734B185377F}"
EndProject
Global
	GlobalSection(SolutionConfigurationPlatforms) = preSolution
		Debug|Any CPU = Debug|Any CPU
		Release|Any CPU = Release|Any CPU
	EndGlobalSection
	GlobalSection(ProjectConfigurationPlatforms) = postSolution
		{3250E2E6-EEF9-46F4-AE6A-A734B185377F}.Debug|Any CPU.ActiveCfg = Debug|Any CPU
		{3250E2E6-EEF9-46F4-AE6A-A734B185377F}.Debug|Any CPU.Build.0 = Debug|Any CPU
		{3250E2E6-EEF9-46F4-AE6A-A734B185377F}.Release|Any CPU.ActiveCfg = Release|Any CPU
		{3250E2E6-EEF9-46F4-AE6A-A734B185377F}.Release|Any CPU.Build.0 = Release|Any CPU
	EndGlobalSection
	GlobalSection(SolutionProperties) = preSolution
		HideSolutionNode = FALSE
	EndGlobalSection
	GlobalSection(ExtensibilityGlobals) = postSolution
		SolutionGuid = {C59AFD13-5ACD-480D-83F1-CE4940A31AE5}
	EndGlobalSection
EndGlobal
